
Microsoft Visual Studio Solution File, Format Version 12.00
# Visual Studio Version 18
VisualStudioVersion = 18.0.11018.127
MinimumVisualStudioVersion = 10.0.40219.1
Project("{9A19103F-16F7-4668-BE54-9A1E7A4F7556}") = "GymHub.AppHost", "src\GymHub.AppHost\GymHub.AppHost.csproj", "{D5616315-B2FE-4EC5-8552-0BD6A53FC46E}"
EndProject
Project("{9A19103F-16F7-4668-BE54-9A1E7A4F7556}") = "GymHub.ServiceDefaults", "src\GymHub.ServiceDefaults\GymHub.ServiceDefaults.csproj", "{D1B73210-8854-4EA3-B749-6CAFC689AA17}"
EndProject
Project("{2150E333-8FDC-42A3-9474-1A3956D46DE8}") = "src", "src", "{9792F64A-70D1-4BB3-850B-7C3E1800C446}"
EndProject
Project("{2150E333-8FDC-42A3-9474-1A3956D46DE8}") = "tests", "tests", "{345E58FE-6F88-4892-A9FC-3A233ABB364D}"
EndProject
Project("{9A19103F-16F7-4668-BE54-9A1E7A4F7556}") = "GH.Plan.API", "src\GH.Plan.API\GH.Plan.API.csproj", "{B6B2F0B8-EA26-41B1-B063-FB8009A61F15}"
EndProject
Project("{FAE04EC0-301F-11D3-BF4B-00C04F79EFBC}") = "EventBus", "src\EventBus\EventBus.csproj", "{8406C721-7866-4D84-B2C2-CF8F4E639083}"
EndProject
Project("{FAE04EC0-301F-11D3-BF4B-00C04F79EFBC}") = "EventBusRabbitMQ", "src\EventBusRabbitMQ\EventBusRabbitMQ.csproj", "{8E31398C-6328-4030-9061-EA3C0CE0C253}"
EndProject
Project("{FAE04EC0-301F-11D3-BF4B-00C04F79EFBC}") = "GH.Admin", "src\GH.Admin\GH.Admin\GH.Admin.csproj", "{C9F2F61E-BFD9-427E-BAD9-6DAE16017CF1}"
EndProject
Project("{FAE04EC0-301F-11D3-BF4B-00C04F79EFBC}") = "GH.Admin.Client", "src\GH.Admin\GH.Admin.Client\GH.Admin.Client.csproj", "{78553F85-D97E-44AB-B97F-3CBFAD830D86}"
EndProject
Project("{FAE04EC0-301F-11D3-BF4B-00C04F79EFBC}") = "GH.Plan.Infrastructure", "src\GH.Infrastructure\GH.Plan.Infrastructure.csproj", "{38DB9670-F981-44D7-9628-64E5B7B0B0F6}"
EndProject
Project("{FAE04EC0-301F-11D3-BF4B-00C04F79EFBC}") = "Gateway", "src\Gateway\Gateway.csproj", "{3DFB0C0C-A945-4846-B4D0-F9B097B2B14C}"
EndProject
Project("{2150E333-8FDC-42A3-9474-1A3956D46DE8}") = "Solution Items", "Solution Items", "{8EC462FD-D22E-90A8-E5CE-7E832BA40C5D}"
	ProjectSection(SolutionItems) = preProject
		Directory.Build.props = Directory.Build.props
		Directory.Packages.props = Directory.Packages.props
	EndProjectSection
EndProject
Project("{2150E333-8FDC-42A3-9474-1A3956D46DE8}") = "Admin", "Admin", "{33E0A061-FCFB-4241-84AA-686533F9EBB7}"
EndProject
Project("{2150E333-8FDC-42A3-9474-1A3956D46DE8}") = "Plan", "Plan", "{413E8CEF-3BC0-4CB5-A6DF-266295497633}"
EndProject
Project("{FAE04EC0-301F-11D3-BF4B-00C04F79EFBC}") = "GH.UnitTests", "tests\GH.UnitTests\GH.UnitTests.csproj", "{F6D2CCCE-3E7D-4B46-86EE-9AA09AEE8E0F}"
EndProject
Project("{FAE04EC0-301F-11D3-BF4B-00C04F79EFBC}") = "GH.FunctionalTests", "tests\GH.FunctionalTests\GH.FunctionalTests.csproj", "{86F4E18D-A229-4812-A395-63AE13515880}"
EndProject
Global
	GlobalSection(SolutionConfigurationPlatforms) = preSolution
		Debug|Any CPU = Debug|Any CPU
		Debug|x64 = Debug|x64
		Debug|x86 = Debug|x86
		Release|Any CPU = Release|Any CPU
		Release|x64 = Release|x64
		Release|x86 = Release|x86
	EndGlobalSection
	GlobalSection(ProjectConfigurationPlatforms) = postSolution
		{D5616315-B2FE-4EC5-8552-0BD6A53FC46E}.Debug|Any CPU.ActiveCfg = Debug|Any CPU
		{D5616315-B2FE-4EC5-8552-0BD6A53FC46E}.Debug|Any CPU.Build.0 = Debug|Any CPU
		{D5616315-B2FE-4EC5-8552-0BD6A53FC46E}.Debug|x64.ActiveCfg = Debug|Any CPU
		{D5616315-B2FE-4EC5-8552-0BD6A53FC46E}.Debug|x64.Build.0 = Debug|Any CPU
		{D5616315-B2FE-4EC5-8552-0BD6A53FC46E}.Debug|x86.ActiveCfg = Debug|Any CPU
		{D5616315-B2FE-4EC5-8552-0BD6A53FC46E}.Debug|x86.Build.0 = Debug|Any CPU
		{D5616315-B2FE-4EC5-8552-0BD6A53FC46E}.Release|Any CPU.ActiveCfg = Release|Any CPU
		{D5616315-B2FE-4EC5-8552-0BD6A53FC46E}.Release|Any CPU.Build.0 = Release|Any CPU
		{D5616315-B2FE-4EC5-8552-0BD6A53FC46E}.Release|x64.ActiveCfg = Release|Any CPU
		{D5616315-B2FE-4EC5-8552-0BD6A53FC46E}.Release|x64.Build.0 = Release|Any CPU
		{D5616315-B2FE-4EC5-8552-0BD6A53FC46E}.Release|x86.ActiveCfg = Release|Any CPU
		{D5616315-B2FE-4EC5-8552-0BD6A53FC46E}.Release|x86.Build.0 = Release|Any CPU
		{D1B73210-8854-4EA3-B749-6CAFC689AA17}.Debug|Any CPU.ActiveCfg = Debug|Any CPU
		{D1B73210-8854-4EA3-B749-6CAFC689AA17}.Debug|Any CPU.Build.0 = Debug|Any CPU
		{D1B73210-8854-4EA3-B749-6CAFC689AA17}.Debug|x64.ActiveCfg = Debug|Any CPU
		{D1B73210-8854-4EA3-B749-6CAFC689AA17}.Debug|x64.Build.0 = Debug|Any CPU
		{D1B73210-8854-4EA3-B749-6CAFC689AA17}.Debug|x86.ActiveCfg = Debug|Any CPU
		{D1B73210-8854-4EA3-B749-6CAFC689AA17}.Debug|x86.Build.0 = Debug|Any CPU
		{D1B73210-8854-4EA3-B749-6CAFC689AA17}.Release|Any CPU.ActiveCfg = Release|Any CPU
		{D1B73210-8854-4EA3-B749-6CAFC689AA17}.Release|Any CPU.Build.0 = Release|Any CPU
		{D1B73210-8854-4EA3-B749-6CAFC689AA17}.Release|x64.ActiveCfg = Release|Any CPU
		{D1B73210-8854-4EA3-B749-6CAFC689AA17}.Release|x64.Build.0 = Release|Any CPU
		{D1B73210-8854-4EA3-B749-6CAFC689AA17}.Release|x86.ActiveCfg = Release|Any CPU
		{D1B73210-8854-4EA3-B749-6CAFC689AA17}.Release|x86.Build.0 = Release|Any CPU
		{B6B2F0B8-EA26-41B1-B063-FB8009A61F15}.Debug|Any CPU.ActiveCfg = Debug|Any CPU
		{B6B2F0B8-EA26-41B1-B063-FB8009A61F15}.Debug|Any CPU.Build.0 = Debug|Any CPU
		{B6B2F0B8-EA26-41B1-B063-FB8009A61F15}.Debug|x64.ActiveCfg = Debug|Any CPU
		{B6B2F0B8-EA26-41B1-B063-FB8009A61F15}.Debug|x64.Build.0 = Debug|Any CPU
		{B6B2F0B8-EA26-41B1-B063-FB8009A61F15}.Debug|x86.ActiveCfg = Debug|Any CPU
		{B6B2F0B8-EA26-41B1-B063-FB8009A61F15}.Debug|x86.Build.0 = Debug|Any CPU
		{B6B2F0B8-EA26-41B1-B063-FB8009A61F15}.Release|Any CPU.ActiveCfg = Release|Any CPU
		{B6B2F0B8-EA26-41B1-B063-FB8009A61F15}.Release|Any CPU.Build.0 = Release|Any CPU
		{B6B2F0B8-EA26-41B1-B063-FB8009A61F15}.Release|x64.ActiveCfg = Release|Any CPU
		{B6B2F0B8-EA26-41B1-B063-FB8009A61F15}.Release|x64.Build.0 = Release|Any CPU
		{B6B2F0B8-EA26-41B1-B063-FB8009A61F15}.Release|x86.ActiveCfg = Release|Any CPU
		{B6B2F0B8-EA26-41B1-B063-FB8009A61F15}.Release|x86.Build.0 = Release|Any CPU
		{8406C721-7866-4D84-B2C2-CF8F4E639083}.Debug|Any CPU.ActiveCfg = Debug|Any CPU
		{8406C721-7866-4D84-B2C2-CF8F4E639083}.Debug|Any CPU.Build.0 = Debug|Any CPU
		{8406C721-7866-4D84-B2C2-CF8F4E639083}.Debug|x64.ActiveCfg = Debug|Any CPU
		{8406C721-7866-4D84-B2C2-CF8F4E639083}.Debug|x64.Build.0 = Debug|Any CPU
		{8406C721-7866-4D84-B2C2-CF8F4E639083}.Debug|x86.ActiveCfg = Debug|Any CPU
		{8406C721-7866-4D84-B2C2-CF8F4E639083}.Debug|x86.Build.0 = Debug|Any CPU
		{8406C721-7866-4D84-B2C2-CF8F4E639083}.Release|Any CPU.ActiveCfg = Release|Any CPU
		{8406C721-7866-4D84-B2C2-CF8F4E639083}.Release|Any CPU.Build.0 = Release|Any CPU
		{8406C721-7866-4D84-B2C2-CF8F4E639083}.Release|x64.ActiveCfg = Release|Any CPU
		{8406C721-7866-4D84-B2C2-CF8F4E639083}.Release|x64.Build.0 = Release|Any CPU
		{8406C721-7866-4D84-B2C2-CF8F4E639083}.Release|x86.ActiveCfg = Release|Any CPU
		{8406C721-7866-4D84-B2C2-CF8F4E639083}.Release|x86.Build.0 = Release|Any CPU
		{8E31398C-6328-4030-9061-EA3C0CE0C253}.Debug|Any CPU.ActiveCfg = Debug|Any CPU
		{8E31398C-6328-4030-9061-EA3C0CE0C253}.Debug|Any CPU.Build.0 = Debug|Any CPU
		{8E31398C-6328-4030-9061-EA3C0CE0C253}.Debug|x64.ActiveCfg = Debug|Any CPU
		{8E31398C-6328-4030-9061-EA3C0CE0C253}.Debug|x64.Build.0 = Debug|Any CPU
		{8E31398C-6328-4030-9061-EA3C0CE0C253}.Debug|x86.ActiveCfg = Debug|Any CPU
		{8E31398C-6328-4030-9061-EA3C0CE0C253}.Debug|x86.Build.0 = Debug|Any CPU
		{8E31398C-6328-4030-9061-EA3C0CE0C253}.Release|Any CPU.ActiveCfg = Release|Any CPU
		{8E31398C-6328-4030-9061-EA3C0CE0C253}.Release|Any CPU.Build.0 = Release|Any CPU
		{8E31398C-6328-4030-9061-EA3C0CE0C253}.Release|x64.ActiveCfg = Release|Any CPU
		{8E31398C-6328-4030-9061-EA3C0CE0C253}.Release|x64.Build.0 = Release|Any CPU
		{8E31398C-6328-4030-9061-EA3C0CE0C253}.Release|x86.ActiveCfg = Release|Any CPU
		{8E31398C-6328-4030-9061-EA3C0CE0C253}.Release|x86.Build.0 = Release|Any CPU
		{C9F2F61E-BFD9-427E-BAD9-6DAE16017CF1}.Debug|Any CPU.ActiveCfg = Debug|Any CPU
		{C9F2F61E-BFD9-427E-BAD9-6DAE16017CF1}.Debug|Any CPU.Build.0 = Debug|Any CPU
		{C9F2F61E-BFD9-427E-BAD9-6DAE16017CF1}.Debug|x64.ActiveCfg = Debug|Any CPU
		{C9F2F61E-BFD9-427E-BAD9-6DAE16017CF1}.Debug|x64.Build.0 = Debug|Any CPU
		{C9F2F61E-BFD9-427E-BAD9-6DAE16017CF1}.Debug|x86.ActiveCfg = Debug|Any CPU
		{C9F2F61E-BFD9-427E-BAD9-6DAE16017CF1}.Debug|x86.Build.0 = Debug|Any CPU
		{C9F2F61E-BFD9-427E-BAD9-6DAE16017CF1}.Release|Any CPU.ActiveCfg = Release|Any CPU
		{C9F2F61E-BFD9-427E-BAD9-6DAE16017CF1}.Release|Any CPU.Build.0 = Release|Any CPU
		{C9F2F61E-BFD9-427E-BAD9-6DAE16017CF1}.Release|x64.ActiveCfg = Release|Any CPU
		{C9F2F61E-BFD9-427E-BAD9-6DAE16017CF1}.Release|x64.Build.0 = Release|Any CPU
		{C9F2F61E-BFD9-427E-BAD9-6DAE16017CF1}.Release|x86.ActiveCfg = Release|Any CPU
		{C9F2F61E-BFD9-427E-BAD9-6DAE16017CF1}.Release|x86.Build.0 = Release|Any CPU
		{78553F85-D97E-44AB-B97F-3CBFAD830D86}.Debug|Any CPU.ActiveCfg = Debug|Any CPU
		{78553F85-D97E-44AB-B97F-3CBFAD830D86}.Debug|Any CPU.Build.0 = Debug|Any CPU
		{78553F85-D97E-44AB-B97F-3CBFAD830D86}.Debug|x64.ActiveCfg = Debug|Any CPU
		{78553F85-D97E-44AB-B97F-3CBFAD830D86}.Debug|x64.Build.0 = Debug|Any CPU
		{78553F85-D97E-44AB-B97F-3CBFAD830D86}.Debug|x86.ActiveCfg = Debug|Any CPU
		{78553F85-D97E-44AB-B97F-3CBFAD830D86}.Debug|x86.Build.0 = Debug|Any CPU
		{78553F85-D97E-44AB-B97F-3CBFAD830D86}.Release|Any CPU.ActiveCfg = Release|Any CPU
		{78553F85-D97E-44AB-B97F-3CBFAD830D86}.Release|Any CPU.Build.0 = Release|Any CPU
		{78553F85-D97E-44AB-B97F-3CBFAD830D86}.Release|x64.ActiveCfg = Release|Any CPU
		{78553F85-D97E-44AB-B97F-3CBFAD830D86}.Release|x64.Build.0 = Release|Any CPU
		{78553F85-D97E-44AB-B97F-3CBFAD830D86}.Release|x86.ActiveCfg = Release|Any CPU
		{78553F85-D97E-44AB-B97F-3CBFAD830D86}.Release|x86.Build.0 = Release|Any CPU
		{38DB9670-F981-44D7-9628-64E5B7B0B0F6}.Debug|Any CPU.ActiveCfg = Debug|Any CPU
		{38DB9670-F981-44D7-9628-64E5B7B0B0F6}.Debug|Any CPU.Build.0 = Debug|Any CPU
		{38DB9670-F981-44D7-9628-64E5B7B0B0F6}.Debug|x64.ActiveCfg = Debug|Any CPU
		{38DB9670-F981-44D7-9628-64E5B7B0B0F6}.Debug|x64.Build.0 = Debug|Any CPU
		{38DB9670-F981-44D7-9628-64E5B7B0B0F6}.Debug|x86.ActiveCfg = Debug|Any CPU
		{38DB9670-F981-44D7-9628-64E5B7B0B0F6}.Debug|x86.Build.0 = Debug|Any CPU
		{38DB9670-F981-44D7-9628-64E5B7B0B0F6}.Release|Any CPU.ActiveCfg = Release|Any CPU
		{38DB9670-F981-44D7-9628-64E5B7B0B0F6}.Release|Any CPU.Build.0 = Release|Any CPU
		{38DB9670-F981-44D7-9628-64E5B7B0B0F6}.Release|x64.ActiveCfg = Release|Any CPU
		{38DB9670-F981-44D7-9628-64E5B7B0B0F6}.Release|x64.Build.0 = Release|Any CPU
		{38DB9670-F981-44D7-9628-64E5B7B0B0F6}.Release|x86.ActiveCfg = Release|Any CPU
		{38DB9670-F981-44D7-9628-64E5B7B0B0F6}.Release|x86.Build.0 = Release|Any CPU
		{3DFB0C0C-A945-4846-B4D0-F9B097B2B14C}.Debug|Any CPU.ActiveCfg = Debug|Any CPU
		{3DFB0C0C-A945-4846-B4D0-F9B097B2B14C}.Debug|Any CPU.Build.0 = Debug|Any CPU
		{3DFB0C0C-A945-4846-B4D0-F9B097B2B14C}.Debug|x64.ActiveCfg = Debug|Any CPU
		{3DFB0C0C-A945-4846-B4D0-F9B097B2B14C}.Debug|x64.Build.0 = Debug|Any CPU
		{3DFB0C0C-A945-4846-B4D0-F9B097B2B14C}.Debug|x86.ActiveCfg = Debug|Any CPU
		{3DFB0C0C-A945-4846-B4D0-F9B097B2B14C}.Debug|x86.Build.0 = Debug|Any CPU
		{3DFB0C0C-A945-4846-B4D0-F9B097B2B14C}.Release|Any CPU.ActiveCfg = Release|Any CPU
		{3DFB0C0C-A945-4846-B4D0-F9B097B2B14C}.Release|Any CPU.Build.0 = Release|Any CPU
		{3DFB0C0C-A945-4846-B4D0-F9B097B2B14C}.Release|x64.ActiveCfg = Release|Any CPU
		{3DFB0C0C-A945-4846-B4D0-F9B097B2B14C}.Release|x64.Build.0 = Release|Any CPU
		{3DFB0C0C-A945-4846-B4D0-F9B097B2B14C}.Release|x86.ActiveCfg = Release|Any CPU
		{3DFB0C0C-A945-4846-B4D0-F9B097B2B14C}.Release|x86.Build.0 = Release|Any CPU
		{F6D2CCCE-3E7D-4B46-86EE-9AA09AEE8E0F}.Debug|Any CPU.ActiveCfg = Debug|Any CPU
		{F6D2CCCE-3E7D-4B46-86EE-9AA09AEE8E0F}.Debug|Any CPU.Build.0 = Debug|Any CPU
		{F6D2CCCE-3E7D-4B46-86EE-9AA09AEE8E0F}.Debug|x64.ActiveCfg = Debug|Any CPU
		{F6D2CCCE-3E7D-4B46-86EE-9AA09AEE8E0F}.Debug|x64.Build.0 = Debug|Any CPU
		{F6D2CCCE-3E7D-4B46-86EE-9AA09AEE8E0F}.Debug|x86.ActiveCfg = Debug|Any CPU
		{F6D2CCCE-3E7D-4B46-86EE-9AA09AEE8E0F}.Debug|x86.Build.0 = Debug|Any CPU
		{F6D2CCCE-3E7D-4B46-86EE-9AA09AEE8E0F}.Release|Any CPU.ActiveCfg = Release|Any CPU
		{F6D2CCCE-3E7D-4B46-86EE-9AA09AEE8E0F}.Release|Any CPU.Build.0 = Release|Any CPU
		{F6D2CCCE-3E7D-4B46-86EE-9AA09AEE8E0F}.Release|x64.ActiveCfg = Release|Any CPU
		{F6D2CCCE-3E7D-4B46-86EE-9AA09AEE8E0F}.Release|x64.Build.0 = Release|Any CPU
		{F6D2CCCE-3E7D-4B46-86EE-9AA09AEE8E0F}.Release|x86.ActiveCfg = Release|Any CPU
		{F6D2CCCE-3E7D-4B46-86EE-9AA09AEE8E0F}.Release|x86.Build.0 = Release|Any CPU
		{86F4E18D-A229-4812-A395-63AE13515880}.Debug|Any CPU.ActiveCfg = Debug|Any CPU
		{86F4E18D-A229-4812-A395-63AE13515880}.Debug|Any CPU.Build.0 = Debug|Any CPU
		{86F4E18D-A229-4812-A395-63AE13515880}.Debug|x64.ActiveCfg = Debug|Any CPU
		{86F4E18D-A229-4812-A395-63AE13515880}.Debug|x64.Build.0 = Debug|Any CPU
		{86F4E18D-A229-4812-A395-63AE13515880}.Debug|x86.ActiveCfg = Debug|Any CPU
		{86F4E18D-A229-4812-A395-63AE13515880}.Debug|x86.Build.0 = Debug|Any CPU
		{86F4E18D-A229-4812-A395-63AE13515880}.Release|Any CPU.ActiveCfg = Release|Any CPU
		{86F4E18D-A229-4812-A395-63AE13515880}.Release|Any CPU.Build.0 = Release|Any CPU
		{86F4E18D-A229-4812-A395-63AE13515880}.Release|x64.ActiveCfg = Release|Any CPU
		{86F4E18D-A229-4812-A395-63AE13515880}.Release|x64.Build.0 = Release|Any CPU
		{86F4E18D-A229-4812-A395-63AE13515880}.Release|x86.ActiveCfg = Release|Any CPU
		{86F4E18D-A229-4812-A395-63AE13515880}.Release|x86.Build.0 = Release|Any CPU
	EndGlobalSection
	GlobalSection(SolutionProperties) = preSolution
		HideSolutionNode = FALSE
	EndGlobalSection
	GlobalSection(NestedProjects) = preSolution
		{D5616315-B2FE-4EC5-8552-0BD6A53FC46E} = {9792F64A-70D1-4BB3-850B-7C3E1800C446}
		{D1B73210-8854-4EA3-B749-6CAFC689AA17} = {9792F64A-70D1-4BB3-850B-7C3E1800C446}
		{B6B2F0B8-EA26-41B1-B063-FB8009A61F15} = {413E8CEF-3BC0-4CB5-A6DF-266295497633}
		{8406C721-7866-4D84-B2C2-CF8F4E639083} = {9792F64A-70D1-4BB3-850B-7C3E1800C446}
		{8E31398C-6328-4030-9061-EA3C0CE0C253} = {9792F64A-70D1-4BB3-850B-7C3E1800C446}
		{C9F2F61E-BFD9-427E-BAD9-6DAE16017CF1} = {33E0A061-FCFB-4241-84AA-686533F9EBB7}
		{78553F85-D97E-44AB-B97F-3CBFAD830D86} = {33E0A061-FCFB-4241-84AA-686533F9EBB7}
		{38DB9670-F981-44D7-9628-64E5B7B0B0F6} = {413E8CEF-3BC0-4CB5-A6DF-266295497633}
		{3DFB0C0C-A945-4846-B4D0-F9B097B2B14C} = {9792F64A-70D1-4BB3-850B-7C3E1800C446}
		{33E0A061-FCFB-4241-84AA-686533F9EBB7} = {9792F64A-70D1-4BB3-850B-7C3E1800C446}
		{413E8CEF-3BC0-4CB5-A6DF-266295497633} = {9792F64A-70D1-4BB3-850B-7C3E1800C446}
		{F6D2CCCE-3E7D-4B46-86EE-9AA09AEE8E0F} = {345E58FE-6F88-4892-A9FC-3A233ABB364D}
		{86F4E18D-A229-4812-A395-63AE13515880} = {345E58FE-6F88-4892-A9FC-3A233ABB364D}
	EndGlobalSection
	GlobalSection(ExtensibilityGlobals) = postSolution
		SolutionGuid = {F158D0CB-14FB-4385-9175-C0BF75FC665B}
	EndGlobalSection
EndGlobal
